
Microsoft Visual Studio Solution File, Format Version 12.00
# Visual Studio Version 17
VisualStudioVersion = 17.7.34018.315
MinimumVisualStudioVersion = 10.0.40219.1
Project("{FAE04EC0-301F-11D3-BF4B-00C04F79EFBC}") = "Imposta", "Imposta.csproj", "{B7F26590-A2BA-4CF9-8641-4C7B2723D0DF}"
EndProject
Global
	GlobalSection(SolutionConfigurationPlatforms) = preSolution
		Debug|Any CPU = Debug|Any CPU
		Release|Any CPU = Release|Any CPU
	EndGlobalSection
	GlobalSection(ProjectConfigurationPlatforms) = postSolution
		{B7F26590-A2BA-4CF9-8641-4C7B2723D0DF}.Debug|Any CPU.ActiveCfg = Debug|Any CPU
		{B7F26590-A2BA-4CF9-8641-4C7B2723D0DF}.Debug|Any CPU.Build.0 = Debug|Any CPU
		{B7F26590-A2BA-4CF9-8641-4C7B2723D0DF}.Release|Any CPU.ActiveCfg = Release|Any CPU
		{B7F26590-A2BA-4CF9-8641-4C7B2723D0DF}.Release|Any CPU.Build.0 = Release|Any CPU
	EndGlobalSection
	GlobalSection(SolutionProperties) = preSolution
		HideSolutionNode = FALSE
	EndGlobalSection
	GlobalSection(ExtensibilityGlobals) = postSolution
		SolutionGuid = {D12E28CA-BB3A-40E6-809D-A3244F54B2D5}
	EndGlobalSection
EndGlobal
